Microsoft Visual Studio Solution File, Format Version 12.00
# Visual Studio Version 17
VisualStudioVersion = 17.3.32825.248
MinimumVisualStudioVersion = 10.0.40219.1
Project("{2150E333-8FDC-42A3-9474-1A3956D46DE8}") = "Solution Items", "Solution Items", "{704C2EE1-6973-459A-8709-70104BD9C9B0}"
	ProjectSection(SolutionItems) = preProject
		Directory.Build.props = Directory.Build.props
		Directory.Build.targets = Directory.Build.targets
	EndProjectSection
EndProject
Project("{9A19103F-16F7-4668-BE54-9A1E7A4F7556}") = "ObjectTreeWalker", "src\ObjectTreeWalker\ObjectTreeWalker.csproj", "{D7FF1A7A-FE26-4BE9-9A36-AEE4D1AD14B5}"
EndProject
Project("{9A19103F-16F7-4668-BE54-9A1E7A4F7556}") = "ObjectTreeWalker.SourceGenerator", "src\ObjectTreeWalker.SourceGenerator\ObjectTreeWalker.SourceGenerator.csproj", "{AABBCCDD-1111-2222-3333-444455556666}"
EndProject
Project("{9A19103F-16F7-4668-BE54-9A1E7A4F7556}") = "ObjectTreeWalker.Tests", "tests\ObjectTreeWalker.Tests\ObjectTreeWalker.Tests.csproj", "{E58D3CF9-7BB8-448B-A132-F873660F4181}"
EndProject
Project("{2150E333-8FDC-42A3-9474-1A3956D46DE8}") = "src", "src", "{827E0CD3-B72D-47B6-A68D-7590B98EB39B}"
EndProject
Project("{2150E333-8FDC-42A3-9474-1A3956D46DE8}") = "tests", "tests", "{5A4F8E10-1D55-42F4-9103-9FCC59B922AD}"
EndProject
Global
	GlobalSection(SolutionConfigurationPlatforms) = preSolution
		Debug|Any CPU = Debug|Any CPU
		Release|Any CPU = Release|Any CPU
	EndGlobalSection
	GlobalSection(ProjectConfigurationPlatforms) = postSolution
		{D7FF1A7A-FE26-4BE9-9A36-AEE4D1AD14B5}.Debug|Any CPU.ActiveCfg = Debug|Any CPU
		{D7FF1A7A-FE26-4BE9-9A36-AEE4D1AD14B5}.Debug|Any CPU.Build.0 = Debug|Any CPU
		{D7FF1A7A-FE26-4BE9-9A36-AEE4D1AD14B5}.Release|Any CPU.ActiveCfg = Release|Any CPU
		{D7FF1A7A-FE26-4BE9-9A36-AEE4D1AD14B5}.Release|Any CPU.Build.0 = Release|Any CPU
		{AABBCCDD-1111-2222-3333-444455556666}.Debug|Any CPU.ActiveCfg = Debug|Any CPU
		{AABBCCDD-1111-2222-3333-444455556666}.Debug|Any CPU.Build.0 = Debug|Any CPU
		{AABBCCDD-1111-2222-3333-444455556666}.Release|Any CPU.ActiveCfg = Release|Any CPU
		{AABBCCDD-1111-2222-3333-444455556666}.Release|Any CPU.Build.0 = Release|Any CPU
		{E58D3CF9-7BB8-448B-A132-F873660F4181}.Debug|Any CPU.ActiveCfg = Debug|Any CPU
		{E58D3CF9-7BB8-448B-A132-F873660F4181}.Debug|Any CPU.Build.0 = Debug|Any CPU
		{E58D3CF9-7BB8-448B-A132-F873660F4181}.Release|Any CPU.ActiveCfg = Release|Any CPU
		{E58D3CF9-7BB8-448B-A132-F873660F4181}.Release|Any CPU.Build.0 = Release|Any CPU
	EndGlobalSection
	GlobalSection(SolutionProperties) = preSolution
		HideSolutionNode = FALSE
	EndGlobalSection
	GlobalSection(NestedProjects) = preSolution
		{D7FF1A7A-FE26-4BE9-9A36-AEE4D1AD14B5} = {827E0CD3-B72D-47B6-A68D-7590B98EB39B}
		{AABBCCDD-1111-2222-3333-444455556666} = {827E0CD3-B72D-47B6-A68D-7590B98EB39B}
		{E58D3CF9-7BB8-448B-A132-F873660F4181} = {5A4F8E10-1D55-42F4-9103-9FCC59B922AD}
	EndGlobalSection
EndGlobal
